
Microsoft Visual Studio Solution File, Format Version 12.00
# Visual Studio Version 17
VisualStudioVersion = 17.9.34902.65
MinimumVisualStudioVersion = 10.0.40219.1
Project("{FAE04EC0-301F-11D3-BF4B-00C04F79EFBC}") = "Laundro.API", "Laundro.API\Laundro.API.csproj", "{AFA56BCB-569A-403A-A5F5-70CAB28614FE}"
EndProject
Project("{FAE04EC0-301F-11D3-BF4B-00C04F79EFBC}") = "Laundro.Core", "Laundro.Core\Laundro.Core.csproj", "{14284379-2254-473C-AA1B-561F9B08B5B2}"
EndProject
Global
	GlobalSection(SolutionConfigurationPlatforms) = preSolution
		Debug|Any CPU = Debug|Any CPU
		Release|Any CPU = Release|Any CPU
	EndGlobalSection
	GlobalSection(ProjectConfigurationPlatforms) = postSolution
		{AFA56BCB-569A-403A-A5F5-70CAB28614FE}.Debug|Any CPU.ActiveCfg = Debug|Any CPU
		{AFA56BCB-569A-403A-A5F5-70CAB28614FE}.Debug|Any CPU.Build.0 = Debug|Any CPU
		{AFA56BCB-569A-403A-A5F5-70CAB28614FE}.Release|Any CPU.ActiveCfg = Release|Any CPU
		{AFA56BCB-569A-403A-A5F5-70CAB28614FE}.Release|Any CPU.Build.0 = Release|Any CPU
		{14284379-2254-473C-AA1B-561F9B08B5B2}.Debug|Any CPU.ActiveCfg = Debug|Any CPU
		{14284379-2254-473C-AA1B-561F9B08B5B2}.Debug|Any CPU.Build.0 = Debug|Any CPU
		{14284379-2254-473C-AA1B-561F9B08B5B2}.Release|Any CPU.ActiveCfg = Release|Any CPU
		{14284379-2254-473C-AA1B-561F9B08B5B2}.Release|Any CPU.Build.0 = Release|Any CPU
	EndGlobalSection
	GlobalSection(SolutionProperties) = preSolution
		HideSolutionNode = FALSE
	EndGlobalSection
	GlobalSection(ExtensibilityGlobals) = postSolution
		SolutionGuid = {F25B42AA-67A3-48E2-8085-A7D8F943209D}
	EndGlobalSection
EndGlobal
